// !$*UTF8*$!
{
	archiveVersion = 1;
	classes = {
	};
	objectVersion = 56;
	objects = {

/* Begin PBXBuildFile section */
		532096582ACB338600C9B03B /* AppDelegate.swift in Sources */ = {isa = PBXBuildFile; fileRef = 532096572ACB338600C9B03B /* AppDelegate.swift */; };
		5320965A2ACB338600C9B03B /* SceneDelegate.swift in Sources */ = {isa = PBXBuildFile; fileRef = 532096592ACB338600C9B03B /* SceneDelegate.swift */; };
		5320965F2ACB338600C9B03B /* Main.storyboard in Resources */ = {isa = PBXBuildFile; fileRef = 5320965D2ACB338600C9B03B /* Main.storyboard */; };
		532096612ACB338700C9B03B /* Assets.xcassets in Resources */ = {isa = PBXBuildFile; fileRef = 532096602ACB338700C9B03B /* Assets.xcassets */; };
		532096642ACB338700C9B03B /* LaunchScreen.storyboard in Resources */ = {isa = PBXBuildFile; fileRef = 532096622ACB338700C9B03B /* LaunchScreen.storyboard */; };
		5320966C2ACB4B6600C9B03B /* WelcomeVC.swift in Sources */ = {isa = PBXBuildFile; fileRef = 5320966B2ACB4B6600C9B03B /* WelcomeVC.swift */; };
		532096742ACB5EFD00C9B03B /* HomePageVC.swift in Sources */ = {isa = PBXBuildFile; fileRef = 532096732ACB5EFD00C9B03B /* HomePageVC.swift */; };
		532096762ACB5FD000C9B03B /* RegistrationVC.swift in Sources */ = {isa = PBXBuildFile; fileRef = 532096752ACB5FD000C9B03B /* RegistrationVC.swift */; };
		532096782ACB7F1600C9B03B /* ExploreVC.swift in Sources */ = {isa = PBXBuildFile; fileRef = 532096772ACB7F1600C9B03B /* ExploreVC.swift */; };
		5320967A2ACB7F4A00C9B03B /* FeedbackVC.swift in Sources */ = {isa = PBXBuildFile; fileRef = 532096792ACB7F4A00C9B03B /* FeedbackVC.swift */; };
		5320967C2ACBA1D300C9B03B /* Registration2VC.swift in Sources */ = {isa = PBXBuildFile; fileRef = 5320967B2ACBA1D300C9B03B /* Registration2VC.swift */; };
		533A3C392ACC86810041AC50 /* Registration3VC.swift in Sources */ = {isa = PBXBuildFile; fileRef = 533A3C382ACC86810041AC50 /* Registration3VC.swift */; };
		5351BB142ACF31AE007E5998 /* RegInfoAcknowledge.swift in Sources */ = {isa = PBXBuildFile; fileRef = 5351BB132ACF31AE007E5998 /* RegInfoAcknowledge.swift */; };
		53E356922ACFA7980006458A /* Data.swift in Sources */ = {isa = PBXBuildFile; fileRef = 53E356912ACFA7980006458A /* Data.swift */; };
		53E356942AD052C20006458A /* User.swift in Sources */ = {isa = PBXBuildFile; fileRef = 53E356932AD052C20006458A /* User.swift */; };
/* End PBXBuildFile section */

/* Begin PBXFileReference section */
		532096542ACB338600C9B03B /* Assignment2.app */ = {isa = PBXFileReference; explicitFileType = wrapper.application; includeInIndex = 0; path = Assignment2.app; sourceTree = BUILT_PRODUCTS_DIR; };
		532096572ACB338600C9B03B /* AppDelegate.swift */ = {isa = PBXFileReference; lastKnownFileType = sourcecode.swift; path = AppDelegate.swift; sourceTree = "<group>"; };
		532096592ACB338600C9B03B /* SceneDelegate.swift */ = {isa = PBXFileReference; lastKnownFileType = sourcecode.swift; path = SceneDelegate.swift; sourceTree = "<group>"; };
		5320965E2ACB338600C9B03B /* Base */ = {isa = PBXFileReference; lastKnownFileType = file.storyboard; name = Base; path = Base.lproj/Main.storyboard; sourceTree = "<group>"; };
		532096602ACB338700C9B03B /* Assets.xcassets */ = {isa = PBXFileReference; lastKnownFileType = folder.assetcatalog; path = Assets.xcassets; sourceTree = "<group>"; };
		532096632ACB338700C9B03B /* Base */ = {isa = PBXFileReference; lastKnownFileType = file.storyboard; name = Base; path = Base.lproj/LaunchScreen.storyboard; sourceTree = "<group>"; };
		532096652ACB338700C9B03B /* Info.plist */ = {isa = PBXFileReference; lastKnownFileType = text.plist.xml; path = Info.plist; sourceTree = "<group>"; };
		5320966B2ACB4B6600C9B03B /* WelcomeVC.swift */ = {isa = PBXFileReference; lastKnownFileType = sourcecode.swift; path = WelcomeVC.swift; sourceTree = "<group>"; };
		532096732ACB5EFD00C9B03B /* HomePageVC.swift */ = {isa = PBXFileReference; lastKnownFileType = sourcecode.swift; path = HomePageVC.swift; sourceTree = "<group>"; };
		532096752ACB5FD000C9B03B /* RegistrationVC.swift */ = {isa = PBXFileReference; lastKnownFileType = sourcecode.swift; path = RegistrationVC.swift; sourceTree = "<group>"; };
		532096772ACB7F1600C9B03B /* ExploreVC.swift */ = {isa = PBXFileReference; lastKnownFileType = sourcecode.swift; path = ExploreVC.swift; sourceTree = "<group>"; };
		532096792ACB7F4A00C9B03B /* FeedbackVC.swift */ = {isa = PBXFileReference; lastKnownFileType = sourcecode.swift; path = FeedbackVC.swift; sourceTree = "<group>"; };
		5320967B2ACBA1D300C9B03B /* Registration2VC.swift */ = {isa = PBXFileReference; lastKnownFileType = sourcecode.swift; path = Registration2VC.swift; sourceTree = "<group>"; };
		533A3C382ACC86810041AC50 /* Registration3VC.swift */ = {isa = PBXFileReference; lastKnownFileType = sourcecode.swift; path = Registration3VC.swift; sourceTree = "<group>"; };
		5351BB132ACF31AE007E5998 /* RegInfoAcknowledge.swift */ = {isa = PBXFileReference; lastKnownFileType = sourcecode.swift; path = RegInfoAcknowledge.swift; sourceTree = "<group>"; };
		537769772AD074E6009F1745 /* Assignment2_Citations.md */ = {isa = PBXFileReference; lastKnownFileType = net.daringfireball.markdown; path = Assignment2_Citations.md; sourceTree = "<group>"; };
		53E356912ACFA7980006458A /* Data.swift */ = {isa = PBXFileReference; lastKnownFileType = sourcecode.swift; path = Data.swift; sourceTree = "<group>"; };
		53E356932AD052C20006458A /* User.swift */ = {isa = PBXFileReference; lastKnownFileType = sourcecode.swift; path = User.swift; sourceTree = "<group>"; };
/* End PBXFileReference section */

/* Begin PBXFrameworksBuildPhase section */
		532096512ACB338600C9B03B /* Frameworks */ = {
			isa = PBXFrameworksBuildPhase;
			buildActionMask = 2147483647;
			files = (
			);
			runOnlyForDeploymentPostprocessing = 0;
		};
/* End PBXFrameworksBuildPhase section */

/* Begin PBXGroup section */
		5320964B2ACB338600C9B03B = {
			isa = PBXGroup;
			children = (
				532096562ACB338600C9B03B /* Assignment2 */,
				532096552ACB338600C9B03B /* Products */,
			);
			sourceTree = "<group>";
		};
		532096552ACB338600C9B03B /* Products */ = {
			isa = PBXGroup;
			children = (
				532096542ACB338600C9B03B /* Assignment2.app */,
			);
			name = Products;
			sourceTree = "<group>";
		};
		532096562ACB338600C9B03B /* Assignment2 */ = {
			isa = PBXGroup;
			children = (
				532096572ACB338600C9B03B /* AppDelegate.swift */,
				532096592ACB338600C9B03B /* SceneDelegate.swift */,
				5320966B2ACB4B6600C9B03B /* WelcomeVC.swift */,
				532096732ACB5EFD00C9B03B /* HomePageVC.swift */,
				532096772ACB7F1600C9B03B /* ExploreVC.swift */,
				532096792ACB7F4A00C9B03B /* FeedbackVC.swift */,
				532096752ACB5FD000C9B03B /* RegistrationVC.swift */,
				5320967B2ACBA1D300C9B03B /* Registration2VC.swift */,
				533A3C382ACC86810041AC50 /* Registration3VC.swift */,
				5351BB132ACF31AE007E5998 /* RegInfoAcknowledge.swift */,
				53E356932AD052C20006458A /* User.swift */,
				53E356912ACFA7980006458A /* Data.swift */,
				5320965D2ACB338600C9B03B /* Main.storyboard */,
				532096602ACB338700C9B03B /* Assets.xcassets */,
				532096622ACB338700C9B03B /* LaunchScreen.storyboard */,
				532096652ACB338700C9B03B /* Info.plist */,
				537769772AD074E6009F1745 /* Assignment2_Citations.md */,
			);
			path = Assignment2;
			sourceTree = "<group>";
		};
/* End PBXGroup section */

/* Begin PBXNativeTarget section */
		532096532ACB338600C9B03B /* Assignment2 */ = {
			isa = PBXNativeTarget;
			buildConfigurationList = 532096682ACB338700C9B03B /* Build configuration list for PBXNativeTarget "Assignment2" */;
			buildPhases = (
				532096502ACB338600C9B03B /* Sources */,
				532096512ACB338600C9B03B /* Frameworks */,
				532096522ACB338600C9B03B /* Resources */,
			);
			buildRules = (
			);
			dependencies = (
			);
			name = Assignment2;
			productName = Assignment2;
			productReference = 532096542ACB338600C9B03B /* Assignment2.app */;
			productType = "com.apple.product-type.application";
		};
/* End PBXNativeTarget section */

/* Begin PBXProject section */
		5320964C2ACB338600C9B03B /* Project object */ = {
			isa = PBXProject;
			attributes = {
				BuildIndependentTargetsInParallel = 1;
				LastSwiftUpdateCheck = 1430;
				LastUpgradeCheck = 1430;
				TargetAttributes = {
					532096532ACB338600C9B03B = {
						CreatedOnToolsVersion = 14.3.1;
					};
				};
			};
			buildConfigurationList = 5320964F2ACB338600C9B03B /* Build configuration list for PBXProject "Assignment2" */;
			compatibilityVersion = "Xcode 14.0";
			developmentRegion = en;
			hasScannedForEncodings = 0;
			knownRegions = (
				en,
				Base,
			);
			mainGroup = 5320964B2ACB338600C9B03B;
			productRefGroup = 532096552ACB338600C9B03B /* Products */;
			projectDirPath = "";
			projectRoot = "";
			targets = (
				532096532ACB338600C9B03B /* Assignment2 */,
			);
		};
/* End PBXProject section */

/* Begin PBXResourcesBuildPhase section */
		532096522ACB338600C9B03B /* Resources */ = {
			isa = PBXResourcesBuildPhase;
			buildActionMask = 2147483647;
			files = (
				532096642ACB338700C9B03B /* LaunchScreen.storyboard in Resources */,
				532096612ACB338700C9B03B /* Assets.xcassets in Resources */,
				5320965F2ACB338600C9B03B /* Main.storyboard in Resources */,
			);
			runOnlyForDeploymentPostprocessing = 0;
		};
/* End PBXResourcesBuildPhase section */

/* Begin PBXSourcesBuildPhase section */
		532096502ACB338600C9B03B /* Sources */ = {
			isa = PBXSourcesBuildPhase;
			buildActionMask = 2147483647;
			files = (
				532096582ACB338600C9B03B /* AppDelegate.swift in Sources */,
				5351BB142ACF31AE007E5998 /* RegInfoAcknowledge.swift in Sources */,
				5320965A2ACB338600C9B03B /* SceneDelegate.swift in Sources */,
				532096782ACB7F1600C9B03B /* ExploreVC.swift in Sources */,
				5320966C2ACB4B6600C9B03B /* WelcomeVC.swift in Sources */,
				5320967A2ACB7F4A00C9B03B /* FeedbackVC.swift in Sources */,
				53E356922ACFA7980006458A /* Data.swift in Sources */,
				533A3C392ACC86810041AC50 /* Registration3VC.swift in Sources */,
				53E356942AD052C20006458A /* User.swift in Sources */,
				532096762ACB5FD000C9B03B /* RegistrationVC.swift in Sources */,
				5320967C2ACBA1D300C9B03B /* Registration2VC.swift in Sources */,
				532096742ACB5EFD00C9B03B /* HomePageVC.swift in Sources */,
			);
			runOnlyForDeploymentPostprocessing = 0;
		};
/* End PBXSourcesBuildPhase section */

/* Begin PBXVariantGroup section */
		5320965D2ACB338600C9B03B /* Main.storyboard */ = {
			isa = PBXVariantGroup;
			children = (
				5320965E2ACB338600C9B03B /* Base */,
			);
			name = Main.storyboard;
			sourceTree = "<group>";
		};
		532096622ACB338700C9B03B /* LaunchScreen.storyboard */ = {
			isa = PBXVariantGroup;
			children = (
				532096632ACB338700C9B03B /* Base */,
			);
			name = LaunchScreen.storyboard;
			sourceTree = "<group>";
		};
/* End PBXVariantGroup section */

/* Begin XCBuildConfiguration section */
		532096662ACB338700C9B03B /* Debug */ = {
			isa = XCBuildConfiguration;
			buildSettings = {
				ALWAYS_SEARCH_USER_PATHS = NO;
				CLANG_ANALYZER_NONNULL = YES;
				CLANG_ANALYZER_NUMBER_OBJECT_CONVERSION = YES_AGGRESSIVE;
				CLANG_CXX_LANGUAGE_STANDARD = "gnu++20";
				CLANG_ENABLE_MODULES = YES;
				CLANG_ENABLE_OBJC_ARC = YES;
				CLANG_ENABLE_OBJC_WEAK = YES;
				CLANG_WARN_BLOCK_CAPTURE_AUTORELEASING = YES;
				CLANG_WARN_BOOL_CONVERSION = YES;
				CLANG_WARN_COMMA = YES;
				CLANG_WARN_CONSTANT_CONVERSION = YES;
				CLANG_WARN_DEPRECATED_OBJC_IMPLEMENTATIONS = YES;
				CLANG_WARN_DIRECT_OBJC_ISA_USAGE = YES_ERROR;
				CLANG_WARN_DOCUMENTATION_COMMENTS = YES;
				CLANG_WARN_EMPTY_BODY = YES;
				CLANG_WARN_ENUM_CONVERSION = YES;
				CLANG_WARN_INFINITE_RECURSION = YES;
				CLANG_WARN_INT_CONVERSION = YES;
				CLANG_WARN_NON_LITERAL_NULL_CONVERSION = YES;
				CLANG_WARN_OBJC_IMPLICIT_RETAIN_SELF = YES;
				CLANG_WARN_OBJC_LITERAL_CONVERSION = YES;
				CLANG_WARN_OBJC_ROOT_CLASS = YES_ERROR;
				CLANG_WARN_QUOTED_INCLUDE_IN_FRAMEWORK_HEADER = YES;
				CLANG_WARN_RANGE_LOOP_ANALYSIS = YES;
				CLANG_WARN_STRICT_PROTOTYPES = YES;
				CLANG_WARN_SUSPICIOUS_MOVE = YES;
				CLANG_WARN_UNGUARDED_AVAILABILITY = YES_AGGRESSIVE;
				CLANG_WARN_UNREACHABLE_CODE = YES;
				CLANG_WARN__DUPLICATE_METHOD_MATCH = YES;
				COPY_PHASE_STRIP = NO;
				DEBUG_INFORMATION_FORMAT = dwarf;
				ENABLE_STRICT_OBJC_MSGSEND = YES;
				ENABLE_TESTABILITY = YES;
				GCC_C_LANGUAGE_STANDARD = gnu11;
				GCC_DYNAMIC_NO_PIC = NO;
				GCC_NO_COMMON_BLOCKS = YES;
				GCC_OPTIMIZATION_LEVEL = 0;
				GCC_PREPROCESSOR_DEFINITIONS = (
					"DEBUG=1",
					"$(inherited)",
				);
				GCC_WARN_64_TO_32_BIT_CONVERSION = YES;
				GCC_WARN_ABOUT_RETURN_TYPE = YES_ERROR;
				GCC_WARN_UNDECLARED_SELECTOR = YES;
				GCC_WARN_UNINITIALIZED_AUTOS = YES_AGGRESSIVE;
				GCC_WARN_UNUSED_FUNCTION = YES;
				GCC_WARN_UNUSED_VARIABLE = YES;
				IPHONEOS_DEPLOYMENT_TARGET = 16.4;
				MTL_ENABLE_DEBUG_INFO = INCLUDE_SOURCE;
				MTL_FAST_MATH = YES;
				ONLY_ACTIVE_ARCH = YES;
				SDKROOT = iphoneos;
				SWIFT_ACTIVE_COMPILATION_CONDITIONS = DEBUG;
				SWIFT_OPTIMIZATION_LEVEL = "-Onone";
			};
			name = Debug;
		};
		532096672ACB338700C9B03B /* Release */ = {
			isa = XCBuildConfiguration;
			buildSettings = {
				ALWAYS_SEARCH_USER_PATHS = NO;
				CLANG_ANALYZER_NONNULL = YES;
				CLANG_ANALYZER_NUMBER_OBJECT_CONVERSION = YES_AGGRESSIVE;
				CLANG_CXX_LANGUAGE_STANDARD = "gnu++20";
				CLANG_ENABLE_MODULES = YES;
				CLANG_ENABLE_OBJC_ARC = YES;
				CLANG_ENABLE_OBJC_WEAK = YES;
				CLANG_WARN_BLOCK_CAPTURE_AUTORELEASING = YES;
				CLANG_WARN_BOOL_CONVERSION = YES;
				CLANG_WARN_COMMA = YES;
				CLANG_WARN_CONSTANT_CONVERSION = YES;
				CLANG_WARN_DEPRECATED_OBJC_IMPLEMENTATIONS = YES;
				CLANG_WARN_DIRECT_OBJC_ISA_USAGE = YES_ERROR;
				CLANG_WARN_DOCUMENTATION_COMMENTS = YES;
				CLANG_WARN_EMPTY_BODY = YES;
				CLANG_WARN_ENUM_CONVERSION = YES;
				CLANG_WARN_INFINITE_RECURSION = YES;
				CLANG_WARN_INT_CONVERSION = YES;
				CLANG_WARN_NON_LITERAL_NULL_CONVERSION = YES;
				CLANG_WARN_OBJC_IMPLICIT_RETAIN_SELF = YES;
				CLANG_WARN_OBJC_LITERAL_CONVERSION = YES;
				CLANG_WARN_OBJC_ROOT_CLASS = YES_ERROR;
				CLANG_WARN_QUOTED_INCLUDE_IN_FRAMEWORK_HEADER = YES;
				CLANG_WARN_RANGE_LOOP_ANALYSIS = YES;
				CLANG_WARN_STRICT_PROTOTYPES = YES;
				CLANG_WARN_SUSPICIOUS_MOVE = YES;
				CLANG_WARN_UNGUARDED_AVAILABILITY = YES_AGGRESSIVE;
				CLANG_WARN_UNREACHABLE_CODE = YES;
				CLANG_WARN__DUPLICATE_METHOD_MATCH = YES;
				COPY_PHASE_STRIP = NO;
				DEBUG_INFORMATION_FORMAT = "dwarf-with-dsym";
				ENABLE_NS_ASSERTIONS = NO;
				ENABLE_STRICT_OBJC_MSGSEND = YES;
				GCC_C_LANGUAGE_STANDARD = gnu11;
				GCC_NO_COMMON_BLOCKS = YES;
				GCC_WARN_64_TO_32_BIT_CONVERSION = YES;
				GCC_WARN_ABOUT_RETURN_TYPE = YES_ERROR;
				GCC_WARN_UNDECLARED_SELECTOR = YES;
				GCC_WARN_UNINITIALIZED_AUTOS = YES_AGGRESSIVE;
				GCC_WARN_UNUSED_FUNCTION = YES;
				GCC_WARN_UNUSED_VARIABLE = YES;
				IPHONEOS_DEPLOYMENT_TARGET = 16.4;
				MTL_ENABLE_DEBUG_INFO = NO;
				MTL_FAST_MATH = YES;
				SDKROOT = iphoneos;
				SWIFT_COMPILATION_MODE = wholemodule;
				SWIFT_OPTIMIZATION_LEVEL = "-O";
				VALIDATE_PRODUCT = YES;
			};
			name = Release;
		};
		532096692ACB338700C9B03B /* Debug */ = {
			isa = XCBuildConfiguration;
			buildSettings = {
				ASSETCATALOG_COMPILER_APPICON_NAME = AppIcon;
				ASSETCATALOG_COMPILER_GLOBAL_ACCENT_COLOR_NAME = AccentColor;
				CODE_SIGN_STYLE = Automatic;
				CURRENT_PROJECT_VERSION = 1;
				DEVELOPMENT_TEAM = 3LTBR8X9RF;
				GENERATE_INFOPLIST_FILE = YES;
				INFOPLIST_FILE = Assignment2/Info.plist;
				INFOPLIST_KEY_UIApplicationSupportsIndirectInputEvents = YES;
				INFOPLIST_KEY_UILaunchStoryboardName = LaunchScreen;
				INFOPLIST_KEY_UIMainStoryboardFile = Main;
				INFOPLIST_KEY_UISupportedInterfaceOrientations_iPad = "UIInterfaceOrientationPortrait UIInterfaceOrientationPortraitUpsideDown UIInterfaceOrientationLandscapeLeft UIInterfaceOrientationLandscapeRight";
				INFOPLIST_KEY_UISupportedInterfaceOrientations_iPhone = "UIInterfaceOrientationPortrait UIInterfaceOrientationLandscapeLeft UIInterfaceOrientationLandscapeRight";
				LD_RUNPATH_SEARCH_PATHS = (
					"$(inherited)",
					"@executable_path/Frameworks",
				);
				MARKETING_VERSION = 1.0;
				PRODUCT_BUNDLE_IDENTIFIER = rmondev.Assignment2;
				PRODUCT_NAME = "$(TARGET_NAME)";
				SWIFT_EMIT_LOC_STRINGS = YES;
				SWIFT_VERSION = 5.0;
				TARGETED_DEVICE_FAMILY = "1,2";
			};
			name = Debug;
		};
		5320966A2ACB338700C9B03B /* Release */ = {
			isa = XCBuildConfiguration;
			buildSettings = {
				ASSETCATALOG_COMPILER_APPICON_NAME = AppIcon;
				ASSETCATALOG_COMPILER_GLOBAL_ACCENT_COLOR_NAME = AccentColor;
				CODE_SIGN_STYLE = Automatic;
				CURRENT_PROJECT_VERSION = 1;
				DEVELOPMENT_TEAM = 3LTBR8X9RF;
				GENERATE_INFOPLIST_FILE = YES;
				INFOPLIST_FILE = Assignment2/Info.plist;
				INFOPLIST_KEY_UIApplicationSupportsIndirectInputEvents = YES;
				INFOPLIST_KEY_UILaunchStoryboardName = LaunchScreen;
				INFOPLIST_KEY_UIMainStoryboardFile = Main;
				INFOPLIST_KEY_UISupportedInterfaceOrientations_iPad = "UIInterfaceOrientationPortrait UIInterfaceOrientationPortraitUpsideDown UIInterfaceOrientationLandscapeLeft UIInterfaceOrientationLandscapeRight";
				INFOPLIST_KEY_UISupportedInterfaceOrientations_iPhone = "UIInterfaceOrientationPortrait UIInterfaceOrientationLandscapeLeft UIInterfaceOrientationLandscapeRight";
				LD_RUNPATH_SEARCH_PATHS = (
					"$(inherited)",
					"@executable_path/Frameworks",
				);
				MARKETING_VERSION = 1.0;
				PRODUCT_BUNDLE_IDENTIFIER = rmondev.Assignment2;
				PRODUCT_NAME = "$(TARGET_NAME)";
				SWIFT_EMIT_LOC_STRINGS = YES;
				SWIFT_VERSION = 5.0;
				TARGETED_DEVICE_FAMILY = "1,2";
			};
			name = Release;
		};
/* End XCBuildConfiguration section */

/* Begin XCConfigurationList section */
		5320964F2ACB338600C9B03B /* Build configuration list for PBXProject "Assignment2" */ = {
			isa = XCConfigurationList;
			buildConfigurations = (
				532096662ACB338700C9B03B /* Debug */,
				532096672ACB338700C9B03B /* Release */,
			);
			defaultConfigurationIsVisible = 0;
			defaultConfigurationName = Release;
		};
		532096682ACB338700C9B03B /* Build configuration list for PBXNativeTarget "Assignment2" */ = {
			isa = XCConfigurationList;
			buildConfigurations = (
				532096692ACB338700C9B03B /* Debug */,
				5320966A2ACB338700C9B03B /* Release */,
			);
			defaultConfigurationIsVisible = 0;
			defaultConfigurationName = Release;
		};
/* End XCConfigurationList section */
	};
	rootObject = 5320964C2ACB338600C9B03B /* Project object */;
}
